
Microsoft Visual Studio Solution File, Format Version 12.00
# Visual Studio Version 16
VisualStudioVersion = 16.0.30011.22
MinimumVisualStudioVersion = 10.0.40219.1
Project("{8BC9CEB8-8B4A-11D0-8D11-00A0C91BC942}") = "Class Set", "Class Set.vcxproj", "{13B8F510-F1B5-44C6-A1FD-7129CE4B0341}"
EndProject
Global
	GlobalSection(SolutionConfigurationPlatforms) = preSolution
		Debug|x64 = Debug|x64
		Debug|x86 = Debug|x86
		Release|x64 = Release|x64
		Release|x86 = Release|x86
	EndGlobalSection
	GlobalSection(ProjectConfigurationPlatforms) = postSolution
		{13B8F510-F1B5-44C6-A1FD-7129CE4B0341}.Debug|x64.ActiveCfg = Debug|x64
		{13B8F510-F1B5-44C6-A1FD-7129CE4B0341}.Debug|x64.Build.0 = Debug|x64
		{13B8F510-F1B5-44C6-A1FD-7129CE4B0341}.Debug|x86.ActiveCfg = Debug|Win32
		{13B8F510-F1B5-44C6-A1FD-7129CE4B0341}.Debug|x86.Build.0 = Debug|Win32
		{13B8F510-F1B5-44C6-A1FD-7129CE4B0341}.Release|x64.ActiveCfg = Release|x64
		{13B8F510-F1B5-44C6-A1FD-7129CE4B0341}.Release|x64.Build.0 = Release|x64
		{13B8F510-F1B5-44C6-A1FD-7129CE4B0341}.Release|x86.ActiveCfg = Release|Win32
		{13B8F510-F1B5-44C6-A1FD-7129CE4B0341}.Release|x86.Build.0 = Release|Win32
	EndGlobalSection
	GlobalSection(SolutionProperties) = preSolution
		HideSolutionNode = FALSE
	EndGlobalSection
	GlobalSection(ExtensibilityGlobals) = postSolution
		SolutionGuid = {CEB755AC-1A38-4FAC-B534-43A67A274F74}
	EndGlobalSection
EndGlobal
